
Microsoft Visual Studio Solution File, Format Version 12.00
# Visual Studio Version 16
VisualStudioVersion = 16.0.32630.194
MinimumVisualStudioVersion = 10.0.40219.1
Project("{FAE04EC0-301F-11D3-BF4B-00C04F79EFBC}") = "EFSchoolManagement", "EFSchoolManagement\EFSchoolManagement.csproj", "{F5810914-AFBF-4BEA-8559-5F2EDA841161}"
EndProject
Global
	GlobalSection(SolutionConfigurationPlatforms) = preSolution
		Debug|Any CPU = Debug|Any CPU
		Release|Any CPU = Release|Any CPU
	EndGlobalSection
	GlobalSection(ProjectConfigurationPlatforms) = postSolution
		{F5810914-AFBF-4BEA-8559-5F2EDA841161}.Debug|Any CPU.ActiveCfg = Debug|Any CPU
		{F5810914-AFBF-4BEA-8559-5F2EDA841161}.Debug|Any CPU.Build.0 = Debug|Any CPU
		{F5810914-AFBF-4BEA-8559-5F2EDA841161}.Release|Any CPU.ActiveCfg = Release|Any CPU
		{F5810914-AFBF-4BEA-8559-5F2EDA841161}.Release|Any CPU.Build.0 = Release|Any CPU
	EndGlobalSection
	GlobalSection(SolutionProperties) = preSolution
		HideSolutionNode = FALSE
	EndGlobalSection
	GlobalSection(ExtensibilityGlobals) = postSolution
		SolutionGuid = {6790818D-687C-4499-B006-0BE39A7B337D}
	EndGlobalSection
EndGlobal
